// !$*UTF8*$!
{
	archiveVersion = 1;
	classes = {
	};
	objectVersion = 56;
	objects = {

/* Begin PBXBuildFile section */
		864D55632964768600F8C523 /* InfoPlist.strings in Resources */ = {isa = PBXBuildFile; fileRef = 864D55652964768600F8C523 /* InfoPlist.strings */; };
		865E9DBE295ECF2400D8E1D9 /* Exchange_RateApp.swift in Sources */ = {isa = PBXBuildFile; fileRef = 865E9DBD295ECF2400D8E1D9 /* Exchange_RateApp.swift */; };
		865E9DC2295ECF2500D8E1D9 /* Assets.xcassets in Resources */ = {isa = PBXBuildFile; fileRef = 865E9DC1295ECF2500D8E1D9 /* Assets.xcassets */; };
		865E9DC5295ECF2500D8E1D9 /* Preview Assets.xcassets in Resources */ = {isa = PBXBuildFile; fileRef = 865E9DC4295ECF2500D8E1D9 /* Preview Assets.xcassets */; };
		86C4860D2963213F006A4774 /* LaunchScreenView.swift in Sources */ = {isa = PBXBuildFile; fileRef = 86C4860C2963213F006A4774 /* LaunchScreenView.swift */; };
		86C4860F2963218C006A4774 /* MainView.swift in Sources */ = {isa = PBXBuildFile; fileRef = 86C4860E2963218C006A4774 /* MainView.swift */; };
		86C48611296321AF006A4774 /* HomeView.swift in Sources */ = {isa = PBXBuildFile; fileRef = 86C48610296321AF006A4774 /* HomeView.swift */; };
		86C486132963224E006A4774 /* MainViewModel.swift in Sources */ = {isa = PBXBuildFile; fileRef = 86C486122963224E006A4774 /* MainViewModel.swift */; };
		86C4861729632293006A4774 /* HomeViewModel.swift in Sources */ = {isa = PBXBuildFile; fileRef = 86C4861629632293006A4774 /* HomeViewModel.swift */; };
/* End PBXBuildFile section */

/* Begin PBXFileReference section */
		864D55642964768600F8C523 /* ko */ = {isa = PBXFileReference; lastKnownFileType = text.plist.strings; name = ko; path = ko.lproj/InfoPlist.strings; sourceTree = "<group>"; };
		864D5566296476E200F8C523 /* en */ = {isa = PBXFileReference; lastKnownFileType = text.plist.strings; name = en; path = en.lproj/InfoPlist.strings; sourceTree = "<group>"; };
		865E9DBA295ECF2400D8E1D9 /* Exchange-Rate.app */ = {isa = PBXFileReference; explicitFileType = wrapper.application; includeInIndex = 0; path = "Exchange-Rate.app"; sourceTree = BUILT_PRODUCTS_DIR; };
		865E9DBD295ECF2400D8E1D9 /* Exchange_RateApp.swift */ = {isa = PBXFileReference; lastKnownFileType = sourcecode.swift; path = Exchange_RateApp.swift; sourceTree = "<group>"; };
		865E9DC1295ECF2500D8E1D9 /* Assets.xcassets */ = {isa = PBXFileReference; lastKnownFileType = folder.assetcatalog; path = Assets.xcassets; sourceTree = "<group>"; };
		865E9DC4295ECF2500D8E1D9 /* Preview Assets.xcassets */ = {isa = PBXFileReference; lastKnownFileType = folder.assetcatalog; path = "Preview Assets.xcassets"; sourceTree = "<group>"; };
		86C4860C2963213F006A4774 /* LaunchScreenView.swift */ = {isa = PBXFileReference; lastKnownFileType = sourcecode.swift; path = LaunchScreenView.swift; sourceTree = "<group>"; };
		86C4860E2963218C006A4774 /* MainView.swift */ = {isa = PBXFileReference; lastKnownFileType = sourcecode.swift; path = MainView.swift; sourceTree = "<group>"; };
		86C48610296321AF006A4774 /* HomeView.swift */ = {isa = PBXFileReference; lastKnownFileType = sourcecode.swift; path = HomeView.swift; sourceTree = "<group>"; };
		86C486122963224E006A4774 /* MainViewModel.swift */ = {isa = PBXFileReference; lastKnownFileType = sourcecode.swift; path = MainViewModel.swift; sourceTree = "<group>"; };
		86C4861629632293006A4774 /* HomeViewModel.swift */ = {isa = PBXFileReference; lastKnownFileType = sourcecode.swift; path = HomeViewModel.swift; sourceTree = "<group>"; };
/* End PBXFileReference section */

/* Begin PBXFrameworksBuildPhase section */
		865E9DB7295ECF2400D8E1D9 /* Frameworks */ = {
			isa = PBXFrameworksBuildPhase;
			buildActionMask = 2147483647;
			files = (
			);
			runOnlyForDeploymentPostprocessing = 0;
		};
/* End PBXFrameworksBuildPhase section */

/* Begin PBXGroup section */
		865E9DB1295ECF2400D8E1D9 = {
			isa = PBXGroup;
			children = (
				865E9DBC295ECF2400D8E1D9 /* Exchange-Rate */,
				865E9DBB295ECF2400D8E1D9 /* Products */,
			);
			sourceTree = "<group>";
		};
		865E9DBB295ECF2400D8E1D9 /* Products */ = {
			isa = PBXGroup;
			children = (
				865E9DBA295ECF2400D8E1D9 /* Exchange-Rate.app */,
			);
			name = Products;
			sourceTree = "<group>";
		};
		865E9DBC295ECF2400D8E1D9 /* Exchange-Rate */ = {
			isa = PBXGroup;
			children = (
				864D55652964768600F8C523 /* InfoPlist.strings */,
				865E9DBD295ECF2400D8E1D9 /* Exchange_RateApp.swift */,
				865E9DCB295ED38F00D8E1D9 /* Sources */,
				865E9DC1295ECF2500D8E1D9 /* Assets.xcassets */,
				865E9DC3295ECF2500D8E1D9 /* Preview Content */,
			);
			path = "Exchange-Rate";
			sourceTree = "<group>";
		};
		865E9DC3295ECF2500D8E1D9 /* Preview Content */ = {
			isa = PBXGroup;
			children = (
				865E9DC4295ECF2500D8E1D9 /* Preview Assets.xcassets */,
			);
			path = "Preview Content";
			sourceTree = "<group>";
		};
		865E9DCB295ED38F00D8E1D9 /* Sources */ = {
			isa = PBXGroup;
			children = (
				865E9DCC295ED3A400D8E1D9 /* Models */,
				865E9DCD295ED3B100D8E1D9 /* ViewModels */,
				865E9DCE295ED3BA00D8E1D9 /* Views */,
			);
			path = Sources;
			sourceTree = "<group>";
		};
		865E9DCC295ED3A400D8E1D9 /* Models */ = {
			isa = PBXGroup;
			children = (
			);
			path = Models;
			sourceTree = "<group>";
		};
		865E9DCD295ED3B100D8E1D9 /* ViewModels */ = {
			isa = PBXGroup;
			children = (
				86C486122963224E006A4774 /* MainViewModel.swift */,
				86C4861629632293006A4774 /* HomeViewModel.swift */,
			);
			path = ViewModels;
			sourceTree = "<group>";
		};
		865E9DCE295ED3BA00D8E1D9 /* Views */ = {
			isa = PBXGroup;
			children = (
				86C4860C2963213F006A4774 /* LaunchScreenView.swift */,
				86C4860E2963218C006A4774 /* MainView.swift */,
				86C48610296321AF006A4774 /* HomeView.swift */,
			);
			path = Views;
			sourceTree = "<group>";
		};
/* End PBXGroup section */

/* Begin PBXNativeTarget section */
		865E9DB9295ECF2400D8E1D9 /* Exchange-Rate */ = {
			isa = PBXNativeTarget;
			buildConfigurationList = 865E9DC8295ECF2500D8E1D9 /* Build configuration list for PBXNativeTarget "Exchange-Rate" */;
			buildPhases = (
				865E9DB6295ECF2400D8E1D9 /* Sources */,
				865E9DB7295ECF2400D8E1D9 /* Frameworks */,
				865E9DB8295ECF2400D8E1D9 /* Resources */,
			);
			buildRules = (
			);
			dependencies = (
			);
			name = "Exchange-Rate";
			productName = "Exchange-Rate";
			productReference = 865E9DBA295ECF2400D8E1D9 /* Exchange-Rate.app */;
			productType = "com.apple.product-type.application";
		};
/* End PBXNativeTarget section */

/* Begin PBXProject section */
		865E9DB2295ECF2400D8E1D9 /* Project object */ = {
			isa = PBXProject;
			attributes = {
				BuildIndependentTargetsInParallel = 1;
				LastSwiftUpdateCheck = 1420;
				LastUpgradeCheck = 1420;
				TargetAttributes = {
					865E9DB9295ECF2400D8E1D9 = {
						CreatedOnToolsVersion = 14.2;
					};
				};
			};
			buildConfigurationList = 865E9DB5295ECF2400D8E1D9 /* Build configuration list for PBXProject "Exchange-Rate" */;
			compatibilityVersion = "Xcode 14.0";
			developmentRegion = en;
			hasScannedForEncodings = 0;
			knownRegions = (
				en,
				Base,
				ko,
			);
			mainGroup = 865E9DB1295ECF2400D8E1D9;
			productRefGroup = 865E9DBB295ECF2400D8E1D9 /* Products */;
			projectDirPath = "";
			projectRoot = "";
			targets = (
				865E9DB9295ECF2400D8E1D9 /* Exchange-Rate */,
			);
		};
/* End PBXProject section */

/* Begin PBXResourcesBuildPhase section */
		865E9DB8295ECF2400D8E1D9 /* Resources */ = {
			isa = PBXResourcesBuildPhase;
			buildActionMask = 2147483647;
			files = (
				865E9DC5295ECF2500D8E1D9 /* Preview Assets.xcassets in Resources */,
				864D55632964768600F8C523 /* InfoPlist.strings in Resources */,
				865E9DC2295ECF2500D8E1D9 /* Assets.xcassets in Resources */,
			);
			runOnlyForDeploymentPostprocessing = 0;
		};
/* End PBXResourcesBuildPhase section */

/* Begin PBXSourcesBuildPhase section */
		865E9DB6295ECF2400D8E1D9 /* Sources */ = {
			isa = PBXSourcesBuildPhase;
			buildActionMask = 2147483647;
			files = (
				86C4860F2963218C006A4774 /* MainView.swift in Sources */,
				86C4861729632293006A4774 /* HomeViewModel.swift in Sources */,
				865E9DBE295ECF2400D8E1D9 /* Exchange_RateApp.swift in Sources */,
				86C48611296321AF006A4774 /* HomeView.swift in Sources */,
				86C4860D2963213F006A4774 /* LaunchScreenView.swift in Sources */,
				86C486132963224E006A4774 /* MainViewModel.swift in Sources */,
			);
			runOnlyForDeploymentPostprocessing = 0;
		};
/* End PBXSourcesBuildPhase section */

/* Begin PBXVariantGroup section */
		864D55652964768600F8C523 /* InfoPlist.strings */ = {
			isa = PBXVariantGroup;
			children = (
				864D55642964768600F8C523 /* ko */,
				864D5566296476E200F8C523 /* en */,
			);
			name = InfoPlist.strings;
			sourceTree = "<group>";
		};
/* End PBXVariantGroup section */

/* Begin XCBuildConfiguration section */
		865E9DC6295ECF2500D8E1D9 /* Debug */ = {
			isa = XCBuildConfiguration;
			buildSettings = {
				ALWAYS_SEARCH_USER_PATHS = NO;
				CLANG_ANALYZER_NONNULL = YES;
				CLANG_ANALYZER_NUMBER_OBJECT_CONVERSION = YES_AGGRESSIVE;
				CLANG_CXX_LANGUAGE_STANDARD = "gnu++20";
				CLANG_ENABLE_MODULES = YES;
				CLANG_ENABLE_OBJC_ARC = YES;
				CLANG_ENABLE_OBJC_WEAK = YES;
				CLANG_WARN_BLOCK_CAPTURE_AUTORELEASING = YES;
				CLANG_WARN_BOOL_CONVERSION = YES;
				CLANG_WARN_COMMA = YES;
				CLANG_WARN_CONSTANT_CONVERSION = YES;
				CLANG_WARN_DEPRECATED_OBJC_IMPLEMENTATIONS = YES;
				CLANG_WARN_DIRECT_OBJC_ISA_USAGE = YES_ERROR;
				CLANG_WARN_DOCUMENTATION_COMMENTS = YES;
				CLANG_WARN_EMPTY_BODY = YES;
				CLANG_WARN_ENUM_CONVERSION = YES;
				CLANG_WARN_INFINITE_RECURSION = YES;
				CLANG_WARN_INT_CONVERSION = YES;
				CLANG_WARN_NON_LITERAL_NULL_CONVERSION = YES;
				CLANG_WARN_OBJC_IMPLICIT_RETAIN_SELF = YES;
				CLANG_WARN_OBJC_LITERAL_CONVERSION = YES;
				CLANG_WARN_OBJC_ROOT_CLASS = YES_ERROR;
				CLANG_WARN_QUOTED_INCLUDE_IN_FRAMEWORK_HEADER = YES;
				CLANG_WARN_RANGE_LOOP_ANALYSIS = YES;
				CLANG_WARN_STRICT_PROTOTYPES = YES;
				CLANG_WARN_SUSPICIOUS_MOVE = YES;
				CLANG_WARN_UNGUARDED_AVAILABILITY = YES_AGGRESSIVE;
				CLANG_WARN_UNREACHABLE_CODE = YES;
				CLANG_WARN__DUPLICATE_METHOD_MATCH = YES;
				COPY_PHASE_STRIP = NO;
				DEBUG_INFORMATION_FORMAT = dwarf;
				ENABLE_STRICT_OBJC_MSGSEND = YES;
				ENABLE_TESTABILITY = YES;
				GCC_C_LANGUAGE_STANDARD = gnu11;
				GCC_DYNAMIC_NO_PIC = NO;
				GCC_NO_COMMON_BLOCKS = YES;
				GCC_OPTIMIZATION_LEVEL = 0;
				GCC_PREPROCESSOR_DEFINITIONS = (
					"DEBUG=1",
					"$(inherited)",
				);
				GCC_WARN_64_TO_32_BIT_CONVERSION = YES;
				GCC_WARN_ABOUT_RETURN_TYPE = YES_ERROR;
				GCC_WARN_UNDECLARED_SELECTOR = YES;
				GCC_WARN_UNINITIALIZED_AUTOS = YES_AGGRESSIVE;
				GCC_WARN_UNUSED_FUNCTION = YES;
				GCC_WARN_UNUSED_VARIABLE = YES;
				IPHONEOS_DEPLOYMENT_TARGET = 16.2;
				MTL_ENABLE_DEBUG_INFO = INCLUDE_SOURCE;
				MTL_FAST_MATH = YES;
				ONLY_ACTIVE_ARCH = YES;
				SDKROOT = iphoneos;
				SWIFT_ACTIVE_COMPILATION_CONDITIONS = DEBUG;
				SWIFT_OPTIMIZATION_LEVEL = "-Onone";
			};
			name = Debug;
		};
		865E9DC7295ECF2500D8E1D9 /* Release */ = {
			isa = XCBuildConfiguration;
			buildSettings = {
				ALWAYS_SEARCH_USER_PATHS = NO;
				CLANG_ANALYZER_NONNULL = YES;
				CLANG_ANALYZER_NUMBER_OBJECT_CONVERSION = YES_AGGRESSIVE;
				CLANG_CXX_LANGUAGE_STANDARD = "gnu++20";
				CLANG_ENABLE_MODULES = YES;
				CLANG_ENABLE_OBJC_ARC = YES;
				CLANG_ENABLE_OBJC_WEAK = YES;
				CLANG_WARN_BLOCK_CAPTURE_AUTORELEASING = YES;
				CLANG_WARN_BOOL_CONVERSION = YES;
				CLANG_WARN_COMMA = YES;
				CLANG_WARN_CONSTANT_CONVERSION = YES;
				CLANG_WARN_DEPRECATED_OBJC_IMPLEMENTATIONS = YES;
				CLANG_WARN_DIRECT_OBJC_ISA_USAGE = YES_ERROR;
				CLANG_WARN_DOCUMENTATION_COMMENTS = YES;
				CLANG_WARN_EMPTY_BODY = YES;
				CLANG_WARN_ENUM_CONVERSION = YES;
				CLANG_WARN_INFINITE_RECURSION = YES;
				CLANG_WARN_INT_CONVERSION = YES;
				CLANG_WARN_NON_LITERAL_NULL_CONVERSION = YES;
				CLANG_WARN_OBJC_IMPLICIT_RETAIN_SELF = YES;
				CLANG_WARN_OBJC_LITERAL_CONVERSION = YES;
				CLANG_WARN_OBJC_ROOT_CLASS = YES_ERROR;
				CLANG_WARN_QUOTED_INCLUDE_IN_FRAMEWORK_HEADER = YES;
				CLANG_WARN_RANGE_LOOP_ANALYSIS = YES;
				CLANG_WARN_STRICT_PROTOTYPES = YES;
				CLANG_WARN_SUSPICIOUS_MOVE = YES;
				CLANG_WARN_UNGUARDED_AVAILABILITY = YES_AGGRESSIVE;
				CLANG_WARN_UNREACHABLE_CODE = YES;
				CLANG_WARN__DUPLICATE_METHOD_MATCH = YES;
				COPY_PHASE_STRIP = NO;
				DEBUG_INFORMATION_FORMAT = "dwarf-with-dsym";
				ENABLE_NS_ASSERTIONS = NO;
				ENABLE_STRICT_OBJC_MSGSEND = YES;
				GCC_C_LANGUAGE_STANDARD = gnu11;
				GCC_NO_COMMON_BLOCKS = YES;
				GCC_WARN_64_TO_32_BIT_CONVERSION = YES;
				GCC_WARN_ABOUT_RETURN_TYPE = YES_ERROR;
				GCC_WARN_UNDECLARED_SELECTOR = YES;
				GCC_WARN_UNINITIALIZED_AUTOS = YES_AGGRESSIVE;
				GCC_WARN_UNUSED_FUNCTION = YES;
				GCC_WARN_UNUSED_VARIABLE = YES;
				IPHONEOS_DEPLOYMENT_TARGET = 16.2;
				MTL_ENABLE_DEBUG_INFO = NO;
				MTL_FAST_MATH = YES;
				SDKROOT = iphoneos;
				SWIFT_COMPILATION_MODE = wholemodule;
				SWIFT_OPTIMIZATION_LEVEL = "-O";
				VALIDATE_PRODUCT = YES;
			};
			name = Release;
		};
		865E9DC9295ECF2500D8E1D9 /* Debug */ = {
			isa = XCBuildConfiguration;
			buildSettings = {
				ASSETCATALOG_COMPILER_APPICON_NAME = AppIcon;
				ASSETCATALOG_COMPILER_GLOBAL_ACCENT_COLOR_NAME = AccentColor;
				CODE_SIGN_STYLE = Automatic;
				CURRENT_PROJECT_VERSION = 1;
				DEVELOPMENT_ASSET_PATHS = "\"Exchange-Rate/Preview Content\"";
				DEVELOPMENT_TEAM = UWHXNW23SX;
				ENABLE_PREVIEWS = YES;
				GENERATE_INFOPLIST_FILE = YES;
				INFOPLIST_KEY_UIApplicationSceneManifest_Generation = YES;
				INFOPLIST_KEY_UIApplicationSupportsIndirectInputEvents = YES;
				INFOPLIST_KEY_UILaunchScreen_Generation = YES;
				INFOPLIST_KEY_UISupportedInterfaceOrientations_iPad = "UIInterfaceOrientationPortrait UIInterfaceOrientationPortraitUpsideDown UIInterfaceOrientationLandscapeLeft UIInterfaceOrientationLandscapeRight";
				INFOPLIST_KEY_UISupportedInterfaceOrientations_iPhone = "UIInterfaceOrientationPortrait UIInterfaceOrientationLandscapeLeft UIInterfaceOrientationLandscapeRight";
				LD_RUNPATH_SEARCH_PATHS = (
					"$(inherited)",
					"@executable_path/Frameworks",
				);
				MARKETING_VERSION = 1.0;
				PRODUCT_BUNDLE_IDENTIFIER = "lsh98.Exchange-Rate";
				PRODUCT_NAME = "$(TARGET_NAME)";
				SWIFT_EMIT_LOC_STRINGS = YES;
				SWIFT_VERSION = 5.0;
				TARGETED_DEVICE_FAMILY = "1,2";
			};
			name = Debug;
		};
		865E9DCA295ECF2500D8E1D9 /* Release */ = {
			isa = XCBuildConfiguration;
			buildSettings = {
				ASSETCATALOG_COMPILER_APPICON_NAME = AppIcon;
				ASSETCATALOG_COMPILER_GLOBAL_ACCENT_COLOR_NAME = AccentColor;
				CODE_SIGN_STYLE = Automatic;
				CURRENT_PROJECT_VERSION = 1;
				DEVELOPMENT_ASSET_PATHS = "\"Exchange-Rate/Preview Content\"";
				DEVELOPMENT_TEAM = UWHXNW23SX;
				ENABLE_PREVIEWS = YES;
				GENERATE_INFOPLIST_FILE = YES;
				INFOPLIST_KEY_UIApplicationSceneManifest_Generation = YES;
				INFOPLIST_KEY_UIApplicationSupportsIndirectInputEvents = YES;
				INFOPLIST_KEY_UILaunchScreen_Generation = YES;
				INFOPLIST_KEY_UISupportedInterfaceOrientations_iPad = "UIInterfaceOrientationPortrait UIInterfaceOrientationPortraitUpsideDown UIInterfaceOrientationLandscapeLeft UIInterfaceOrientationLandscapeRight";
				INFOPLIST_KEY_UISupportedInterfaceOrientations_iPhone = "UIInterfaceOrientationPortrait UIInterfaceOrientationLandscapeLeft UIInterfaceOrientationLandscapeRight";
				LD_RUNPATH_SEARCH_PATHS = (
					"$(inherited)",
					"@executable_path/Frameworks",
				);
				MARKETING_VERSION = 1.0;
				PRODUCT_BUNDLE_IDENTIFIER = "lsh98.Exchange-Rate";
				PRODUCT_NAME = "$(TARGET_NAME)";
				SWIFT_EMIT_LOC_STRINGS = YES;
				SWIFT_VERSION = 5.0;
				TARGETED_DEVICE_FAMILY = "1,2";
			};
			name = Release;
		};
/* End XCBuildConfiguration section */

/* Begin XCConfigurationList section */
		865E9DB5295ECF2400D8E1D9 /* Build configuration list for PBXProject "Exchange-Rate" */ = {
			isa = XCConfigurationList;
			buildConfigurations = (
				865E9DC6295ECF2500D8E1D9 /* Debug */,
				865E9DC7295ECF2500D8E1D9 /* Release */,
			);
			defaultConfigurationIsVisible = 0;
			defaultConfigurationName = Release;
		};
		865E9DC8295ECF2500D8E1D9 /* Build configuration list for PBXNativeTarget "Exchange-Rate" */ = {
			isa = XCConfigurationList;
			buildConfigurations = (
				865E9DC9295ECF2500D8E1D9 /* Debug */,
				865E9DCA295ECF2500D8E1D9 /* Release */,
			);
			defaultConfigurationIsVisible = 0;
			defaultConfigurationName = Release;
		};
/* End XCConfigurationList section */
	};
	rootObject = 865E9DB2295ECF2400D8E1D9 /* Project object */;
}
